
Microsoft Visual Studio Solution File, Format Version 12.00
# Visual Studio Version 17
VisualStudioVersion = 17.7.34031.279
MinimumVisualStudioVersion = 10.0.40219.1
Project("{FAE04EC0-301F-11D3-BF4B-00C04F79EFBC}") = "TrueFalse", "TrueFalse\TrueFalse.csproj", "{26510A4D-2322-4588-9479-0BBC30E18E85}"
EndProject
Global
	GlobalSection(SolutionConfigurationPlatforms) = preSolution
		Debug|Any CPU = Debug|Any CPU
		Release|Any CPU = Release|Any CPU
	EndGlobalSection
	GlobalSection(ProjectConfigurationPlatforms) = postSolution
		{26510A4D-2322-4588-9479-0BBC30E18E85}.Debug|Any CPU.ActiveCfg = Debug|Any CPU
		{26510A4D-2322-4588-9479-0BBC30E18E85}.Debug|Any CPU.Build.0 = Debug|Any CPU
		{26510A4D-2322-4588-9479-0BBC30E18E85}.Release|Any CPU.ActiveCfg = Release|Any CPU
		{26510A4D-2322-4588-9479-0BBC30E18E85}.Release|Any CPU.Build.0 = Release|Any CPU
	EndGlobalSection
	GlobalSection(SolutionProperties) = preSolution
		HideSolutionNode = FALSE
	EndGlobalSection
	GlobalSection(ExtensibilityGlobals) = postSolution
		SolutionGuid = {7E1E801C-0273-4C95-9420-6998DE9CB958}
	EndGlobalSection
EndGlobal
